
Microsoft Visual Studio Solution File, Format Version 12.00
# Visual Studio Version 16
VisualStudioVersion = 16.0.29215.179
MinimumVisualStudioVersion = 10.0.40219.1
Project("{FAE04EC0-301F-11D3-BF4B-00C04F79EFBC}") = "Project Mathtasic Voyage", "Project Mathtasic Voyage.csproj", "{A1F1704C-5C79-45CE-9648-606C6A10984B}"
EndProject
Global
	GlobalSection(SolutionConfigurationPlatforms) = preSolution
		Debug|Any CPU = Debug|Any CPU
		Release|Any CPU = Release|Any CPU
	EndGlobalSection
	GlobalSection(ProjectConfigurationPlatforms) = postSolution
		{A1F1704C-5C79-45CE-9648-606C6A10984B}.Debug|Any CPU.ActiveCfg = Debug|Any CPU
		{A1F1704C-5C79-45CE-9648-606C6A10984B}.Debug|Any CPU.Build.0 = Debug|Any CPU
		{A1F1704C-5C79-45CE-9648-606C6A10984B}.Release|Any CPU.ActiveCfg = Release|Any CPU
		{A1F1704C-5C79-45CE-9648-606C6A10984B}.Release|Any CPU.Build.0 = Release|Any CPU
	EndGlobalSection
	GlobalSection(SolutionProperties) = preSolution
		HideSolutionNode = FALSE
	EndGlobalSection
	GlobalSection(ExtensibilityGlobals) = postSolution
		SolutionGuid = {0650FA0F-F3E0-4080-935E-D50149ABE006}
	EndGlobalSection
EndGlobal
